
Microsoft Visual Studio Solution File, Format Version 12.00
# Visual Studio Version 17
VisualStudioVersion = 17.6.33801.468
MinimumVisualStudioVersion = 10.0.40219.1
Project("{FAE04EC0-301F-11D3-BF4B-00C04F79EFBC}") = "CrowdfundingProject", "CrowdfundingProject\CrowdfundingProject.csproj", "{77CF78D2-0B5D-4728-9A72-FF19DB058901}"
EndProject
Global
	GlobalSection(SolutionConfigurationPlatforms) = preSolution
		Debug|Any CPU = Debug|Any CPU
		Release|Any CPU = Release|Any CPU
	EndGlobalSection
	GlobalSection(ProjectConfigurationPlatforms) = postSolution
		{77CF78D2-0B5D-4728-9A72-FF19DB058901}.Debug|Any CPU.ActiveCfg = Debug|Any CPU
		{77CF78D2-0B5D-4728-9A72-FF19DB058901}.Debug|Any CPU.Build.0 = Debug|Any CPU
		{77CF78D2-0B5D-4728-9A72-FF19DB058901}.Release|Any CPU.ActiveCfg = Release|Any CPU
		{77CF78D2-0B5D-4728-9A72-FF19DB058901}.Release|Any CPU.Build.0 = Release|Any CPU
	EndGlobalSection
	GlobalSection(SolutionProperties) = preSolution
		HideSolutionNode = FALSE
	EndGlobalSection
	GlobalSection(ExtensibilityGlobals) = postSolution
		SolutionGuid = {4CBF53C8-5699-429B-B34D-BFA0CA295CD6}
	EndGlobalSection
EndGlobal
