
Microsoft Visual Studio Solution File, Format Version 12.00
# Visual Studio Version 17
VisualStudioVersion = 17.6.33723.286
MinimumVisualStudioVersion = 10.0.40219.1
Project("{FAE04EC0-301F-11D3-BF4B-00C04F79EFBC}") = "CrowdfundingProject", "CrowdfundingProject\CrowdfundingProject.csproj", "{57620A1D-62BC-441F-97B9-269ACE578A76}"
EndProject
Global
	GlobalSection(SolutionConfigurationPlatforms) = preSolution
		Debug|Any CPU = Debug|Any CPU
		Release|Any CPU = Release|Any CPU
	EndGlobalSection
	GlobalSection(ProjectConfigurationPlatforms) = postSolution
		{57620A1D-62BC-441F-97B9-269ACE578A76}.Debug|Any CPU.ActiveCfg = Debug|Any CPU
		{57620A1D-62BC-441F-97B9-269ACE578A76}.Debug|Any CPU.Build.0 = Debug|Any CPU
		{57620A1D-62BC-441F-97B9-269ACE578A76}.Release|Any CPU.ActiveCfg = Release|Any CPU
		{57620A1D-62BC-441F-97B9-269ACE578A76}.Release|Any CPU.Build.0 = Release|Any CPU
	EndGlobalSection
	GlobalSection(SolutionProperties) = preSolution
		HideSolutionNode = FALSE
	EndGlobalSection
	GlobalSection(ExtensibilityGlobals) = postSolution
		SolutionGuid = {DB5EFE72-F6A0-46D5-9681-1A3FACBD2881}
	EndGlobalSection
EndGlobal
